// !$*UTF8*$!
{
	archiveVersion = 1;
	classes = {
	};
	objectVersion = 56;
	objects = {

/* Begin PBXFileReference section */
		2705E79C2AC7471E004F58A8 /* ContentView.swift */ = {isa = PBXFileReference; lastKnownFileType = sourcecode.swift; path = ContentView.swift; sourceTree = "<group>"; };
		2705E79D2AC74748004F58A8 /* AddView.swift */ = {isa = PBXFileReference; lastKnownFileType = sourcecode.swift; path = AddView.swift; sourceTree = "<group>"; };
		2705E79E2AC74778004F58A8 /* ExpenseItem.swift */ = {isa = PBXFileReference; lastKnownFileType = sourcecode.swift; path = ExpenseItem.swift; sourceTree = "<group>"; };
		2705E79F2AC7478B004F58A8 /* Expenses.swift */ = {isa = PBXFileReference; lastKnownFileType = sourcecode.swift; path = Expenses.swift; sourceTree = "<group>"; };
		2705E7A02AC747BE004F58A8 /* OtherSolve.swift */ = {isa = PBXFileReference; lastKnownFileType = sourcecode.swift; path = OtherSolve.swift; sourceTree = "<group>"; };
		270E6C392A9F0AB3000C9C21 /* UsingStacksToArrangeViews.swift */ = {isa = PBXFileReference; lastKnownFileType = sourcecode.swift; path = UsingStacksToArrangeViews.swift; sourceTree = "<group>"; };
		270E6C3A2A9F123A000C9C21 /* ColorsAndFrames.swift */ = {isa = PBXFileReference; lastKnownFileType = sourcecode.swift; path = ColorsAndFrames.swift; sourceTree = "<group>"; };
		270E6C3B2A9F19C5000C9C21 /* Gradients.swift */ = {isa = PBXFileReference; lastKnownFileType = sourcecode.swift; path = Gradients.swift; sourceTree = "<group>"; };
		270E6C3C2A9F1FFA000C9C21 /* ButtonsAndImages.swift */ = {isa = PBXFileReference; lastKnownFileType = sourcecode.swift; path = ButtonsAndImages.swift; sourceTree = "<group>"; };
		270E6C3D2A9F2898000C9C21 /* ShowingAlertMessages.swift */ = {isa = PBXFileReference; lastKnownFileType = sourcecode.swift; path = ShowingAlertMessages.swift; sourceTree = "<group>"; };
		2720798F2A923AD5008BFBFE /* Day15.swift */ = {isa = PBXFileReference; lastKnownFileType = sourcecode.swift; path = Day15.swift; sourceTree = "<group>"; };
		2728403F2A83DDF9002303B8 /* Day7.swift */ = {isa = PBXFileReference; lastKnownFileType = sourcecode.swift; path = Day7.swift; sourceTree = "<group>"; };
		272D0F3D2A9A24680026ABCC /* Day16.swift */ = {isa = PBXFileReference; lastKnownFileType = sourcecode.swift; path = Day16.swift; sourceTree = "<group>"; };
		2733F35C2AA1B7AF0068A21C /* Day22.swift */ = {isa = PBXFileReference; lastKnownFileType = sourcecode.swift; path = Day22.swift; sourceTree = "<group>"; };
		273406452AB599B4008F516F /* SharingSwiftUIStateWith@StateObject.swift */ = {isa = PBXFileReference; lastKnownFileType = sourcecode.swift; path = "SharingSwiftUIStateWith@StateObject.swift"; sourceTree = "<group>"; };
		273406462AB59EF1008F516F /* ShowingAndHidingViews.swift */ = {isa = PBXFileReference; lastKnownFileType = sourcecode.swift; path = ShowingAndHidingViews.swift; sourceTree = "<group>"; };
		273406472AB5AD08008F516F /* DeletingItemsUsingOnDelete().swift */ = {isa = PBXFileReference; lastKnownFileType = sourcecode.swift; path = "DeletingItemsUsingOnDelete().swift"; sourceTree = "<group>"; };
		273406482AB5FCD2008F516F /* StoringUserSettingsWithUserDefaults.swift */ = {isa = PBXFileReference; lastKnownFileType = sourcecode.swift; path = StoringUserSettingsWithUserDefaults.swift; sourceTree = "<group>"; };
		273406492AB60652008F516F /* ArchivingSwiftObjectsWithCodable.swift */ = {isa = PBXFileReference; lastKnownFileType = sourcecode.swift; path = ArchivingSwiftObjectsWithCodable.swift; sourceTree = "<group>"; };
		2734064A2AB606E9008F516F /* MultiplictionTablesGame.swift */ = {isa = PBXFileReference; lastKnownFileType = sourcecode.swift; path = MultiplictionTablesGame.swift; sourceTree = "<group>"; };
		2734AD692A913485005954D8 /* Day14.swift */ = {isa = PBXFileReference; lastKnownFileType = sourcecode.swift; path = Day14.swift; sourceTree = "<group>"; };
		2737BD4A2AAE242900FD5A4F /* WordScramble.swift */ = {isa = PBXFileReference; lastKnownFileType = sourcecode.swift; path = WordScramble.swift; sourceTree = "<group>"; };
		2737BD4B2AAE246600FD5A4F /* start.txt */ = {isa = PBXFileReference; lastKnownFileType = text; path = start.txt; sourceTree = "<group>"; };
		2737BD4E2AAF68C600FD5A4F /* WordScrambleChallenge.swift */ = {isa = PBXFileReference; lastKnownFileType = sourcecode.swift; path = WordScrambleChallenge.swift; sourceTree = "<group>"; };
		2737BD4F2AAF692C00FD5A4F /* start.txt */ = {isa = PBXFileReference; lastKnownFileType = text; path = start.txt; sourceTree = "<group>"; };
		273D81012AA31CDE00FD94FF /* ConditionalModifiers.swift */ = {isa = PBXFileReference; lastKnownFileType = sourcecode.swift; path = ConditionalModifiers.swift; sourceTree = "<group>"; };
		273D81022AA3203E00FD94FF /* EnvironmentModifiers.swift */ = {isa = PBXFileReference; lastKnownFileType = sourcecode.swift; path = EnvironmentModifiers.swift; sourceTree = "<group>"; };
		273D81032AA3264200FD94FF /* ViewsAsProperties.swift */ = {isa = PBXFileReference; lastKnownFileType = sourcecode.swift; path = ViewsAsProperties.swift; sourceTree = "<group>"; };
		273D81042AA32B1500FD94FF /* ViewComposition.swift */ = {isa = PBXFileReference; lastKnownFileType = sourcecode.swift; path = ViewComposition.swift; sourceTree = "<group>"; };
		273D81052AA3331C00FD94FF /* CustomModifiers.swift */ = {isa = PBXFileReference; lastKnownFileType = sourcecode.swift; path = CustomModifiers.swift; sourceTree = "<group>"; };
		273D81062AA3398700FD94FF /* CustomContainers.swift */ = {isa = PBXFileReference; lastKnownFileType = sourcecode.swift; path = CustomContainers.swift; sourceTree = "<group>"; };
		273D81092AA45D4000FD94FF /* Challenge1.swift */ = {isa = PBXFileReference; lastKnownFileType = sourcecode.swift; path = Challenge1.swift; sourceTree = "<group>"; };
		273D810A2AA4686C00FD94FF /* Challenge2&3.swift */ = {isa = PBXFileReference; lastKnownFileType = sourcecode.swift; path = "Challenge2&3.swift"; sourceTree = "<group>"; };
		273E50BE2AA5B51A00A038E8 /* WorkingWithForEach.swift */ = {isa = PBXFileReference; lastKnownFileType = sourcecode.swift; path = WorkingWithForEach.swift; sourceTree = "<group>"; };
		273E50BF2AA5BBD500A038E8 /* WorkingWithBindings.swift */ = {isa = PBXFileReference; lastKnownFileType = sourcecode.swift; path = WorkingWithBindings.swift; sourceTree = "<group>"; };
		273E50C02AA6222900A038E8 /* RockPaperScissors.swift */ = {isa = PBXFileReference; lastKnownFileType = sourcecode.swift; path = RockPaperScissors.swift; sourceTree = "<group>"; };
		2744F6B02AD12D8B00D81353 /* TransformingShapesUsingCGAffineTransformAndEven-oddFills.swift */ = {isa = PBXFileReference; lastKnownFileType = sourcecode.swift; path = "TransformingShapesUsingCGAffineTransformAndEven-oddFills.swift"; sourceTree = "<group>"; };
		2744F6B12AD14CFE00D81353 /* CreativeBordersAndFillsUsingImagePaint.swift */ = {isa = PBXFileReference; lastKnownFileType = sourcecode.swift; path = CreativeBordersAndFillsUsingImagePaint.swift; sourceTree = "<group>"; };
		2744F6B22AD173E600D81353 /* EnablingHigh-performanceMetalRenderingWithDrawingGroup().swift */ = {isa = PBXFileReference; lastKnownFileType = sourcecode.swift; path = "EnablingHigh-performanceMetalRenderingWithDrawingGroup().swift"; sourceTree = "<group>"; };
		27514E9C2A8217A400E16169 /* Day1.swift */ = {isa = PBXFileReference; lastKnownFileType = sourcecode.swift; path = Day1.swift; sourceTree = "<group>"; };
		27514E9D2A82187500E16169 /* Day2.swift */ = {isa = PBXFileReference; lastKnownFileType = sourcecode.swift; path = Day2.swift; sourceTree = "<group>"; };
		27514E9E2A82188400E16169 /* Day3.swift */ = {isa = PBXFileReference; lastKnownFileType = sourcecode.swift; path = Day3.swift; sourceTree = "<group>"; };
		27514E9F2A82188F00E16169 /* Day4.swift */ = {isa = PBXFileReference; lastKnownFileType = sourcecode.swift; path = Day4.swift; sourceTree = "<group>"; };
		27514EA02A82189E00E16169 /* Day5.swift */ = {isa = PBXFileReference; lastKnownFileType = sourcecode.swift; path = Day5.swift; sourceTree = "<group>"; };
		27514EA12A8218AA00E16169 /* Day6.swift */ = {isa = PBXFileReference; lastKnownFileType = sourcecode.swift; path = Day6.swift; sourceTree = "<group>"; };
		2751CE6B2AA72EA900F434A3 /* Stepper.swift */ = {isa = PBXFileReference; lastKnownFileType = sourcecode.swift; path = Stepper.swift; sourceTree = "<group>"; };
		2751CE6C2AA7341300F434A3 /* DatePicker.swift */ = {isa = PBXFileReference; lastKnownFileType = sourcecode.swift; path = DatePicker.swift; sourceTree = "<group>"; };
		2751CE6D2AA73F8D00F434A3 /* WorkingWithDates.swift */ = {isa = PBXFileReference; lastKnownFileType = sourcecode.swift; path = WorkingWithDates.swift; sourceTree = "<group>"; };
		275238352ACE5B0200D3EA1A /* CreatingCustomPathsWithSwiftUI.swift */ = {isa = PBXFileReference; lastKnownFileType = sourcecode.swift; path = CreatingCustomPathsWithSwiftUI.swift; sourceTree = "<group>"; };
		275238362ACE61B500D3EA1A /* PathsVsShapesInSwiftUI.swift */ = {isa = PBXFileReference; lastKnownFileType = sourcecode.swift; path = PathsVsShapesInSwiftUI.swift; sourceTree = "<group>"; };
		275238372ACE725700D3EA1A /* AddingStrokeBorder()SupportWithInsettableShape.swift */ = {isa = PBXFileReference; lastKnownFileType = sourcecode.swift; path = "AddingStrokeBorder()SupportWithInsettableShape.swift"; sourceTree = "<group>"; };
		275520232AB377A700AB14FF /* GuessTheFlagChallengeDay34.swift */ = {isa = PBXFileReference; lastKnownFileType = sourcecode.swift; path = GuessTheFlagChallengeDay34.swift; sourceTree = "<group>"; };
		275520242AB377D400AB14FF /* WiggleModifier.swift */ = {isa = PBXFileReference; lastKnownFileType = sourcecode.swift; path = WiggleModifier.swift; sourceTree = "<group>"; };
		27581FFB2A9E1F650055E559 /* Day19.swift */ = {isa = PBXFileReference; lastKnownFileType = sourcecode.swift; path = Day19.swift; sourceTree = "<group>"; };
		275B82272A8A596100B4A7BC /* Day10.swift */ = {isa = PBXFileReference; lastKnownFileType = sourcecode.swift; path = Day10.swift; sourceTree = "<group>"; };
		275CA5572AB1C98A00D5CD03 /* ControllingTheAnimationStack.swift */ = {isa = PBXFileReference; lastKnownFileType = sourcecode.swift; path = ControllingTheAnimationStack.swift; sourceTree = "<group>"; };
		275CA5582AB1D2BB00D5CD03 /* AnimatingGestures.swift */ = {isa = PBXFileReference; lastKnownFileType = sourcecode.swift; path = AnimatingGestures.swift; sourceTree = "<group>"; };
		275CA5592AB1D59500D5CD03 /* ShowingAndHidingViewsWithTransitions.swift */ = {isa = PBXFileReference; lastKnownFileType = sourcecode.swift; path = ShowingAndHidingViewsWithTransitions.swift; sourceTree = "<group>"; };
		275CA55A2AB1DBD300D5CD03 /* BuildingCustomTransitionsUsingViewModifier.swift */ = {isa = PBXFileReference; lastKnownFileType = sourcecode.swift; path = BuildingCustomTransitionsUsingViewModifier.swift; sourceTree = "<group>"; };
		2761CCD32A8E18AE002B2F78 /* Day12.swift */ = {isa = PBXFileReference; lastKnownFileType = sourcecode.swift; path = Day12.swift; sourceTree = "<group>"; };
		2771D5F02AC7DDFD00F386EE /* ResizingImagesToFitTheScreenUsingGeometryReader.swift */ = {isa = PBXFileReference; lastKnownFileType = sourcecode.swift; path = ResizingImagesToFitTheScreenUsingGeometryReader.swift; sourceTree = "<group>"; };
		2771D5F12AC7DE3A00F386EE /* day39_file.xcassets */ = {isa = PBXFileReference; lastKnownFileType = folder.assetcatalog; path = day39_file.xcassets; sourceTree = "<group>"; };
		2771D5F22AC7E4A900F386EE /* HowScrollViewLetsUsWorkWithScrollingData.swift */ = {isa = PBXFileReference; lastKnownFileType = sourcecode.swift; path = HowScrollViewLetsUsWorkWithScrollingData.swift; sourceTree = "<group>"; };
		2771D5F32AC7E89900F386EE /* PushingNewViewsOntoTheStackUsingNavigationLink.swift */ = {isa = PBXFileReference; lastKnownFileType = sourcecode.swift; path = PushingNewViewsOntoTheStackUsingNavigationLink.swift; sourceTree = "<group>"; };
		2771D5F42AC7F15300F386EE /* WorkingWithHierarchicalCodableData.swift */ = {isa = PBXFileReference; lastKnownFileType = sourcecode.swift; path = WorkingWithHierarchicalCodableData.swift; sourceTree = "<group>"; };
		2771D5F52AC7F50E00F386EE /* HowToLayOutViewsInAScrollingGrid.swift */ = {isa = PBXFileReference; lastKnownFileType = sourcecode.swift; path = HowToLayOutViewsInAScrollingGrid.swift; sourceTree = "<group>"; };
		277269502AD970B60058FF5B /* AddingCodableConformanceFor@PublishedProperties.swift */ = {isa = PBXFileReference; lastKnownFileType = sourcecode.swift; path = "AddingCodableConformanceFor@PublishedProperties.swift"; sourceTree = "<group>"; };
		277269512AD982CE0058FF5B /* SendingAndReceivingCodableDataWithURLSessionAndSwiftUI.swift */ = {isa = PBXFileReference; lastKnownFileType = sourcecode.swift; path = SendingAndReceivingCodableDataWithURLSessionAndSwiftUI.swift; sourceTree = "<group>"; };
		277269522AD998C30058FF5B /* LoadingAnImageFromARemoteServer.swift */ = {isa = PBXFileReference; lastKnownFileType = sourcecode.swift; path = LoadingAnImageFromARemoteServer.swift; sourceTree = "<group>"; };
		277269532AD99C590058FF5B /* ValidatingAndDisablingForms.swift */ = {isa = PBXFileReference; lastKnownFileType = sourcecode.swift; path = ValidatingAndDisablingForms.swift; sourceTree = "<group>"; };
		277602442ABC1E8E00B72A74 /* iExpenseContentView.swift */ = {isa = PBXFileReference; lastKnownFileType = sourcecode.swift; path = iExpenseContentView.swift; sourceTree = "<group>"; };
		277602452ABC1EDF00B72A74 /* AddView.swift */ = {isa = PBXFileReference; lastKnownFileType = sourcecode.swift; path = AddView.swift; sourceTree = "<group>"; };
		277602462ABC1F0200B72A74 /* ExpenseItem.swift */ = {isa = PBXFileReference; lastKnownFileType = sourcecode.swift; path = ExpenseItem.swift; sourceTree = "<group>"; };
		277602472ABC1F0C00B72A74 /* Expenses.swift */ = {isa = PBXFileReference; lastKnownFileType = sourcecode.swift; path = Expenses.swift; sourceTree = "<group>"; };
		2778E18E2A8551020018B06C /* Day8.swift */ = {isa = PBXFileReference; lastKnownFileType = sourcecode.swift; path = Day8.swift; sourceTree = "<group>"; };
		277E84392A9B7BB50096A5E2 /* Day17.swift */ = {isa = PBXFileReference; lastKnownFileType = sourcecode.swift; path = Day17.swift; sourceTree = "<group>"; };
		2780F95F2ADAF27C006F8C28 /* CheckoutView.swift */ = {isa = PBXFileReference; lastKnownFileType = sourcecode.swift; path = CheckoutView.swift; sourceTree = "<group>"; };
		2780F9602ADAF27C006F8C28 /* Order.swift */ = {isa = PBXFileReference; lastKnownFileType = sourcecode.swift; path = Order.swift; sourceTree = "<group>"; };
		2780F9652ADAF27C006F8C28 /* AddressView.swift */ = {isa = PBXFileReference; lastKnownFileType = sourcecode.swift; path = AddressView.swift; sourceTree = "<group>"; };
		2780F9662ADAF27C006F8C28 /* ContentView.swift */ = {isa = PBXFileReference; lastKnownFileType = sourcecode.swift; path = ContentView.swift; sourceTree = "<group>"; };
		27887F9F2AA9CF88000AAD82 /* BetterRest.swift */ = {isa = PBXFileReference; lastKnownFileType = sourcecode.swift; path = BetterRest.swift; sourceTree = "<group>"; };
		27887FA02AA9CFB5000AAD82 /* SleepCalculator.mlmodel */ = {isa = PBXFileReference; lastKnownFileType = file.mlmodel; path = SleepCalculator.mlmodel; sourceTree = "<group>"; };
		27887FA22AAB59C7000AAD82 /* BetterRestChallenge.swift */ = {isa = PBXFileReference; lastKnownFileType = sourcecode.swift; path = BetterRestChallenge.swift; sourceTree = "<group>"; };
		27887FA32AAB5A0F000AAD82 /* SleepCalculator.mlmodel */ = {isa = PBXFileReference; lastKnownFileType = file.mlmodel; path = SleepCalculator.mlmodel; sourceTree = "<group>"; };
		279E64882A9CC7E600978F1E /* Day18.swift */ = {isa = PBXFileReference; lastKnownFileType = sourcecode.swift; path = Day18.swift; sourceTree = "<group>"; };
		27AF5F2B2A880EC600A0DBFF /* Day9.swift */ = {isa = PBXFileReference; lastKnownFileType = sourcecode.swift; path = Day9.swift; sourceTree = "<group>"; };
		27B0FC372AD3B5A0004F3653 /* Media.xcassets */ = {isa = PBXFileReference; lastKnownFileType = folder.assetcatalog; path = Media.xcassets; sourceTree = "<group>"; };
		27B0FC382AD3B6F8004F3653 /* AnimatingComplexShapesWithAnimatablePair.swift */ = {isa = PBXFileReference; lastKnownFileType = sourcecode.swift; path = AnimatingComplexShapesWithAnimatablePair.swift; sourceTree = "<group>"; };
		27B0FC392AD3C222004F3653 /* CreatingASpirograph.swift */ = {isa = PBXFileReference; lastKnownFileType = sourcecode.swift; path = CreatingASpirograph.swift; sourceTree = "<group>"; };
		27B0FC612AD57481004F3653 /* ArrowView.swift */ = {isa = PBXFileReference; lastKnownFileType = sourcecode.swift; path = ArrowView.swift; sourceTree = "<group>"; };
		27B0FC622AD5749E004F3653 /* ColorCyclingRectangleView.swift */ = {isa = PBXFileReference; lastKnownFileType = sourcecode.swift; path = ColorCyclingRectangleView.swift; sourceTree = "<group>"; };
		27B0FC632AD574BC004F3653 /* Day46Challenge.swift */ = {isa = PBXFileReference; lastKnownFileType = sourcecode.swift; path = Day46Challenge.swift; sourceTree = "<group>"; };
		27B521712AB074FE00204571 /* CreatingImplicitAnimations.swift */ = {isa = PBXFileReference; lastKnownFileType = sourcecode.swift; path = CreatingImplicitAnimations.swift; sourceTree = "<group>"; };
		27B521722AB07C9A00204571 /* CustomizingAnimationsInSwiftUI.swift */ = {isa = PBXFileReference; lastKnownFileType = sourcecode.swift; path = CustomizingAnimationsInSwiftUI.swift; sourceTree = "<group>"; };
		27B521732AB08B5A00204571 /* AnimatingBindings.swift */ = {isa = PBXFileReference; lastKnownFileType = sourcecode.swift; path = AnimatingBindings.swift; sourceTree = "<group>"; };
		27B521742AB08F2D00204571 /* CreatingExplicitAnimations.swift */ = {isa = PBXFileReference; lastKnownFileType = sourcecode.swift; path = CreatingExplicitAnimations.swift; sourceTree = "<group>"; };
		27C874362AD2BBA300356430 /* SpecialEffectsInSwiftUI-BlursBlendingAndMore.swift */ = {isa = PBXFileReference; lastKnownFileType = sourcecode.swift; path = "SpecialEffectsInSwiftUI-BlursBlendingAndMore.swift"; sourceTree = "<group>"; };
		27C874372AD2BFDE00356430 /* AnimatingSimpleShapesWithAnimatableData.swift */ = {isa = PBXFileReference; lastKnownFileType = sourcecode.swift; path = AnimatingSimpleShapesWithAnimatableData.swift; sourceTree = "<group>"; };
		27CF01E62AAC3975003E99D7 /* List.swift */ = {isa = PBXFileReference; lastKnownFileType = sourcecode.swift; path = List.swift; sourceTree = "<group>"; };
		27CF01E72AAC3F59003E99D7 /* LoadingResourcesFromYourAppBundle.swift */ = {isa = PBXFileReference; lastKnownFileType = sourcecode.swift; path = LoadingResourcesFromYourAppBundle.swift; sourceTree = "<group>"; };
		27CF01E82AAC44EC003E99D7 /* WorkingWithStrings.swift */ = {isa = PBXFileReference; lastKnownFileType = sourcecode.swift; path = WorkingWithStrings.swift; sourceTree = "<group>"; };
		27D314C92A8B9AE800E74489 /* Day11.swift */ = {isa = PBXFileReference; lastKnownFileType = sourcecode.swift; path = Day11.swift; sourceTree = "<group>"; };
		27E5D3EE2AA0E55900E5CB62 /* Day21.swift */ = {isa = PBXFileReference; lastKnownFileType = sourcecode.swift; path = Day21.swift; sourceTree = "<group>"; };
		27F365BA2AC93D2200FD39E5 /* missions.json */ = {isa = PBXFileReference; lastKnownFileType = text.json; path = missions.json; sourceTree = "<group>"; };
		27F365BB2AC93D2200FD39E5 /* Mission.swift */ = {isa = PBXFileReference; lastKnownFileType = sourcecode.swift; path = Mission.swift; sourceTree = "<group>"; };
		27F365BC2AC93D2200FD39E5 /* Assets.xcassets */ = {isa = PBXFileReference; lastKnownFileType = folder.assetcatalog; path = Assets.xcassets; sourceTree = "<group>"; };
		27F365BF2AC93D2200FD39E5 /* Color-Theme.swift */ = {isa = PBXFileReference; lastKnownFileType = sourcecode.swift; path = "Color-Theme.swift"; sourceTree = "<group>"; };
		27F365C02AC93D2200FD39E5 /* Bundle-Decodable.swift */ = {isa = PBXFileReference; lastKnownFileType = sourcecode.swift; path = "Bundle-Decodable.swift"; sourceTree = "<group>"; };
		27F365C12AC93D2200FD39E5 /* Astronaut.swift */ = {isa = PBXFileReference; lastKnownFileType = sourcecode.swift; path = Astronaut.swift; sourceTree = "<group>"; };
		27F365C22AC93D2200FD39E5 /* astronauts.json */ = {isa = PBXFileReference; lastKnownFileType = text.json; path = astronauts.json; sourceTree = "<group>"; };
		27F365C32AC93D2200FD39E5 /* ContentView.swift */ = {isa = PBXFileReference; lastKnownFileType = sourcecode.swift; path = ContentView.swift; sourceTree = "<group>"; };
		27F365D12ACABE2A00FD39E5 /* ContentView.swift */ = {isa = PBXFileReference; lastKnownFileType = sourcecode.swift; path = ContentView.swift; sourceTree = "<group>"; };
		27F365D22ACABE6C00FD39E5 /* MissionView.swift */ = {isa = PBXFileReference; lastKnownFileType = sourcecode.swift; path = MissionView.swift; sourceTree = "<group>"; };
		27F365D32ACABE7400FD39E5 /* AstronautView.swift */ = {isa = PBXFileReference; lastKnownFileType = sourcecode.swift; path = AstronautView.swift; sourceTree = "<group>"; };
		27F365D42ACABEA200FD39E5 /* Astronaut.swift */ = {isa = PBXFileReference; lastKnownFileType = sourcecode.swift; path = Astronaut.swift; sourceTree = "<group>"; };
		27F365D52ACABEB100FD39E5 /* Mission.swift */ = {isa = PBXFileReference; lastKnownFileType = sourcecode.swift; path = Mission.swift; sourceTree = "<group>"; };
		27F365D62ACABEBD00FD39E5 /* Bundle-Decodable.swift */ = {isa = PBXFileReference; lastKnownFileType = sourcecode.swift; path = "Bundle-Decodable.swift"; sourceTree = "<group>"; };
		27F365D72ACABEC400FD39E5 /* Color-Theme.swift */ = {isa = PBXFileReference; lastKnownFileType = sourcecode.swift; path = "Color-Theme.swift"; sourceTree = "<group>"; };
		27F365D92ACC1FC100FD39E5 /* ContentView.swift */ = {isa = PBXFileReference; lastKnownFileType = sourcecode.swift; path = ContentView.swift; sourceTree = "<group>"; };
		27F365DA2ACC1FFF00FD39E5 /* MissionView.swift */ = {isa = PBXFileReference; lastKnownFileType = sourcecode.swift; path = MissionView.swift; sourceTree = "<group>"; };
		27FA2D6E2A8FB210004959F4 /* Day13.swift */ = {isa = PBXFileReference; lastKnownFileType = sourcecode.swift; path = Day13.swift; sourceTree = "<group>"; };
/* End PBXFileReference section */

/* Begin PBXGroup section */
		2705E79B2AC746D7004F58A8 /* Day38 */ = {
			isa = PBXGroup;
			children = (
				2705E79C2AC7471E004F58A8 /* ContentView.swift */,
				2705E79D2AC74748004F58A8 /* AddView.swift */,
				2705E79E2AC74778004F58A8 /* ExpenseItem.swift */,
				2705E79F2AC7478B004F58A8 /* Expenses.swift */,
				2705E7A02AC747BE004F58A8 /* OtherSolve.swift */,
			);
			path = Day38;
			sourceTree = "<group>";
		};
		270E6C382A9F0A46000C9C21 /* Day20 */ = {
			isa = PBXGroup;
			children = (
				270E6C392A9F0AB3000C9C21 /* UsingStacksToArrangeViews.swift */,
				270E6C3A2A9F123A000C9C21 /* ColorsAndFrames.swift */,
				270E6C3B2A9F19C5000C9C21 /* Gradients.swift */,
				270E6C3C2A9F1FFA000C9C21 /* ButtonsAndImages.swift */,
				270E6C3D2A9F2898000C9C21 /* ShowingAlertMessages.swift */,
			);
			path = Day20;
			sourceTree = "<group>";
		};
		273406292AB58F9A008F516F /* Day35 */ = {
			isa = PBXGroup;
			children = (
				2734064A2AB606E9008F516F /* MultiplictionTablesGame.swift */,
			);
			path = Day35;
			sourceTree = "<group>";
		};
		2734062A2AB58FC1008F516F /* Day36 */ = {
			isa = PBXGroup;
			children = (
				273406452AB599B4008F516F /* SharingSwiftUIStateWith@StateObject.swift */,
				273406462AB59EF1008F516F /* ShowingAndHidingViews.swift */,
				273406472AB5AD08008F516F /* DeletingItemsUsingOnDelete().swift */,
				273406482AB5FCD2008F516F /* StoringUserSettingsWithUserDefaults.swift */,
				273406492AB60652008F516F /* ArchivingSwiftObjectsWithCodable.swift */,
			);
			path = Day36;
			sourceTree = "<group>";
		};
		2737BD492AAE23DB00FD5A4F /* Day30 */ = {
			isa = PBXGroup;
			children = (
				2737BD4A2AAE242900FD5A4F /* WordScramble.swift */,
				2737BD4B2AAE246600FD5A4F /* start.txt */,
			);
			path = Day30;
			sourceTree = "<group>";
		};
		2737BD4C2AAF688400FD5A4F /* Day31 */ = {
			isa = PBXGroup;
			children = (
				2737BD4E2AAF68C600FD5A4F /* WordScrambleChallenge.swift */,
				2737BD4F2AAF692C00FD5A4F /* start.txt */,
			);
			path = Day31;
			sourceTree = "<group>";
		};
		273D81002AA31A8800FD94FF /* Day23 */ = {
			isa = PBXGroup;
			children = (
				273D81012AA31CDE00FD94FF /* ConditionalModifiers.swift */,
				273D81022AA3203E00FD94FF /* EnvironmentModifiers.swift */,
				273D81032AA3264200FD94FF /* ViewsAsProperties.swift */,
				273D81042AA32B1500FD94FF /* ViewComposition.swift */,
				273D81052AA3331C00FD94FF /* CustomModifiers.swift */,
				273D81062AA3398700FD94FF /* CustomContainers.swift */,
			);
			path = Day23;
			sourceTree = "<group>";
		};
		273D81082AA45CEA00FD94FF /* Day24 */ = {
			isa = PBXGroup;
			children = (
				273D81092AA45D4000FD94FF /* Challenge1.swift */,
				273D810A2AA4686C00FD94FF /* Challenge2&3.swift */,
			);
			path = Day24;
			sourceTree = "<group>";
		};
		273E50BD2AA5B48C00A038E8 /* Day25 */ = {
			isa = PBXGroup;
			children = (
				273E50BE2AA5B51A00A038E8 /* WorkingWithForEach.swift */,
				273E50BF2AA5BBD500A038E8 /* WorkingWithBindings.swift */,
				273E50C02AA6222900A038E8 /* RockPaperScissors.swift */,
			);
			path = Day25;
			sourceTree = "<group>";
		};
		2744F6AF2AD12D3900D81353 /* Day44 */ = {
			isa = PBXGroup;
			children = (
				2744F6B02AD12D8B00D81353 /* TransformingShapesUsingCGAffineTransformAndEven-oddFills.swift */,
				2744F6B12AD14CFE00D81353 /* CreativeBordersAndFillsUsingImagePaint.swift */,
				2744F6B22AD173E600D81353 /* EnablingHigh-performanceMetalRenderingWithDrawingGroup().swift */,
			);
			path = Day44;
			sourceTree = "<group>";
		};
		27514E952A82176100E16169 = {
			isa = PBXGroup;
			children = (
				27514E9C2A8217A400E16169 /* Day1.swift */,
				27514E9D2A82187500E16169 /* Day2.swift */,
				27514E9E2A82188400E16169 /* Day3.swift */,
				27514E9F2A82188F00E16169 /* Day4.swift */,
				27514EA02A82189E00E16169 /* Day5.swift */,
				27514EA12A8218AA00E16169 /* Day6.swift */,
				2728403F2A83DDF9002303B8 /* Day7.swift */,
				2778E18E2A8551020018B06C /* Day8.swift */,
				27AF5F2B2A880EC600A0DBFF /* Day9.swift */,
				275B82272A8A596100B4A7BC /* Day10.swift */,
				27D314C92A8B9AE800E74489 /* Day11.swift */,
				2761CCD32A8E18AE002B2F78 /* Day12.swift */,
				27FA2D6E2A8FB210004959F4 /* Day13.swift */,
				2734AD692A913485005954D8 /* Day14.swift */,
				2720798F2A923AD5008BFBFE /* Day15.swift */,
				272D0F3D2A9A24680026ABCC /* Day16.swift */,
				277E84392A9B7BB50096A5E2 /* Day17.swift */,
				279E64882A9CC7E600978F1E /* Day18.swift */,
				27581FFB2A9E1F650055E559 /* Day19.swift */,
				270E6C382A9F0A46000C9C21 /* Day20 */,
				27E5D3EE2AA0E55900E5CB62 /* Day21.swift */,
				2733F35C2AA1B7AF0068A21C /* Day22.swift */,
				273D81002AA31A8800FD94FF /* Day23 */,
				273D81082AA45CEA00FD94FF /* Day24 */,
				273E50BD2AA5B48C00A038E8 /* Day25 */,
				2751CE6A2AA72E5F00F434A3 /* Day26 */,
				27887F9E2AA9CF22000AAD82 /* Day27 */,
				27887FA12AAB595C000AAD82 /* Day28 */,
				27CF01E52AAC393E003E99D7 /* Day29 */,
				2737BD492AAE23DB00FD5A4F /* Day30 */,
				2737BD4C2AAF688400FD5A4F /* Day31 */,
				27B521702AB074C800204571 /* Day32 */,
				275CA5562AB1C93F00D5CD03 /* Day33 */,
				275520222AB376FA00AB14FF /* Day34 */,
				273406292AB58F9A008F516F /* Day35 */,
				2734062A2AB58FC1008F516F /* Day36 */,
				277602432ABC1E1E00B72A74 /* Day37 */,
				2705E79B2AC746D7004F58A8 /* Day38 */,
				2771D5EF2AC7DD1600F386EE /* Day39 */,
				27F365B72AC93C2600FD39E5 /* Day40 */,
				27F365D02ACABD5800FD39E5 /* Day41 */,
				27F365D82ACC1AAF00FD39E5 /* Day42 */,
				275238342ACE5AC500D3EA1A /* Day43 */,
				2744F6AF2AD12D3900D81353 /* Day44 */,
				27C874352AD2BB5C00356430 /* Day45 */,
				27B0FC602AD5744A004F3653 /* Day46 */,
				2772694F2AD970300058FF5B /* Day49 */,
				2780F94D2ADAF1C2006F8C28 /* Day50 */,
			);
			sourceTree = "<group>";
		};
		2751CE6A2AA72E5F00F434A3 /* Day26 */ = {
			isa = PBXGroup;
			children = (
				2751CE6B2AA72EA900F434A3 /* Stepper.swift */,
				2751CE6C2AA7341300F434A3 /* DatePicker.swift */,
				2751CE6D2AA73F8D00F434A3 /* WorkingWithDates.swift */,
			);
			path = Day26;
			sourceTree = "<group>";
		};
		275238342ACE5AC500D3EA1A /* Day43 */ = {
			isa = PBXGroup;
			children = (
				275238352ACE5B0200D3EA1A /* CreatingCustomPathsWithSwiftUI.swift */,
				275238362ACE61B500D3EA1A /* PathsVsShapesInSwiftUI.swift */,
				275238372ACE725700D3EA1A /* AddingStrokeBorder()SupportWithInsettableShape.swift */,
			);
			path = Day43;
			sourceTree = "<group>";
		};
		275520222AB376FA00AB14FF /* Day34 */ = {
			isa = PBXGroup;
			children = (
				275520232AB377A700AB14FF /* GuessTheFlagChallengeDay34.swift */,
				275520242AB377D400AB14FF /* WiggleModifier.swift */,
			);
			path = Day34;
			sourceTree = "<group>";
		};
		275CA5562AB1C93F00D5CD03 /* Day33 */ = {
			isa = PBXGroup;
			children = (
				275CA5572AB1C98A00D5CD03 /* ControllingTheAnimationStack.swift */,
				275CA5582AB1D2BB00D5CD03 /* AnimatingGestures.swift */,
				275CA5592AB1D59500D5CD03 /* ShowingAndHidingViewsWithTransitions.swift */,
				275CA55A2AB1DBD300D5CD03 /* BuildingCustomTransitionsUsingViewModifier.swift */,
			);
			path = Day33;
			sourceTree = "<group>";
		};
		2771D5EF2AC7DD1600F386EE /* Day39 */ = {
			isa = PBXGroup;
			children = (
				2771D5F02AC7DDFD00F386EE /* ResizingImagesToFitTheScreenUsingGeometryReader.swift */,
				2771D5F22AC7E4A900F386EE /* HowScrollViewLetsUsWorkWithScrollingData.swift */,
				2771D5F32AC7E89900F386EE /* PushingNewViewsOntoTheStackUsingNavigationLink.swift */,
				2771D5F42AC7F15300F386EE /* WorkingWithHierarchicalCodableData.swift */,
				2771D5F52AC7F50E00F386EE /* HowToLayOutViewsInAScrollingGrid.swift */,
				2771D5F12AC7DE3A00F386EE /* day39_file.xcassets */,
			);
			path = Day39;
			sourceTree = "<group>";
		};
		2772694F2AD970300058FF5B /* Day49 */ = {
			isa = PBXGroup;
			children = (
				277269502AD970B60058FF5B /* AddingCodableConformanceFor@PublishedProperties.swift */,
				277269512AD982CE0058FF5B /* SendingAndReceivingCodableDataWithURLSessionAndSwiftUI.swift */,
				277269522AD998C30058FF5B /* LoadingAnImageFromARemoteServer.swift */,
				277269532AD99C590058FF5B /* ValidatingAndDisablingForms.swift */,
			);
			path = Day49;
			sourceTree = "<group>";
		};
		277602432ABC1E1E00B72A74 /* Day37 */ = {
			isa = PBXGroup;
			children = (
				277602442ABC1E8E00B72A74 /* iExpenseContentView.swift */,
				277602452ABC1EDF00B72A74 /* AddView.swift */,
				277602462ABC1F0200B72A74 /* ExpenseItem.swift */,
				277602472ABC1F0C00B72A74 /* Expenses.swift */,
			);
			path = Day37;
			sourceTree = "<group>";
		};
		2780F94D2ADAF1C2006F8C28 /* Day50 */ = {
			isa = PBXGroup;
			children = (
				2780F95E2ADAF27C006F8C28 /* CupcakeCorner */,
			);
			path = Day50;
			sourceTree = "<group>";
		};
		2780F95E2ADAF27C006F8C28 /* CupcakeCorner */ = {
			isa = PBXGroup;
			children = (
				2780F95F2ADAF27C006F8C28 /* CheckoutView.swift */,
				2780F9602ADAF27C006F8C28 /* Order.swift */,
				2780F9652ADAF27C006F8C28 /* AddressView.swift */,
				2780F9662ADAF27C006F8C28 /* ContentView.swift */,
			);
			path = CupcakeCorner;
			sourceTree = "<group>";
		};
		27887F9E2AA9CF22000AAD82 /* Day27 */ = {
			isa = PBXGroup;
			children = (
				27887F9F2AA9CF88000AAD82 /* BetterRest.swift */,
				27887FA02AA9CFB5000AAD82 /* SleepCalculator.mlmodel */,
			);
			path = Day27;
			sourceTree = "<group>";
		};
		27887FA12AAB595C000AAD82 /* Day28 */ = {
			isa = PBXGroup;
			children = (
				27887FA32AAB5A0F000AAD82 /* SleepCalculator.mlmodel */,
				27887FA22AAB59C7000AAD82 /* BetterRestChallenge.swift */,
			);
			path = Day28;
			sourceTree = "<group>";
		};
		27B0FC602AD5744A004F3653 /* Day46 */ = {
			isa = PBXGroup;
			children = (
				27B0FC612AD57481004F3653 /* ArrowView.swift */,
				27B0FC622AD5749E004F3653 /* ColorCyclingRectangleView.swift */,
				27B0FC632AD574BC004F3653 /* Day46Challenge.swift */,
			);
			path = Day46;
			sourceTree = "<group>";
		};
		27B521702AB074C800204571 /* Day32 */ = {
			isa = PBXGroup;
			children = (
				27B521712AB074FE00204571 /* CreatingImplicitAnimations.swift */,
				27B521722AB07C9A00204571 /* CustomizingAnimationsInSwiftUI.swift */,
				27B521732AB08B5A00204571 /* AnimatingBindings.swift */,
				27B521742AB08F2D00204571 /* CreatingExplicitAnimations.swift */,
			);
			path = Day32;
			sourceTree = "<group>";
		};
		27C874352AD2BB5C00356430 /* Day45 */ = {
			isa = PBXGroup;
			children = (
				27C874362AD2BBA300356430 /* SpecialEffectsInSwiftUI-BlursBlendingAndMore.swift */,
				27C874372AD2BFDE00356430 /* AnimatingSimpleShapesWithAnimatableData.swift */,
				27B0FC382AD3B6F8004F3653 /* AnimatingComplexShapesWithAnimatablePair.swift */,
				27B0FC392AD3C222004F3653 /* CreatingASpirograph.swift */,
				27B0FC372AD3B5A0004F3653 /* Media.xcassets */,
			);
			path = Day45;
			sourceTree = "<group>";
		};
		27CF01E52AAC393E003E99D7 /* Day29 */ = {
			isa = PBXGroup;
			children = (
				27CF01E62AAC3975003E99D7 /* List.swift */,
				27CF01E72AAC3F59003E99D7 /* LoadingResourcesFromYourAppBundle.swift */,
				27CF01E82AAC44EC003E99D7 /* WorkingWithStrings.swift */,
			);
			path = Day29;
			sourceTree = "<group>";
		};
		27F365B72AC93C2600FD39E5 /* Day40 */ = {
			isa = PBXGroup;
			children = (
				27F365B92AC93D2200FD39E5 /* Moonshot */,
			);
			path = Day40;
			sourceTree = "<group>";
		};
		27F365B92AC93D2200FD39E5 /* Moonshot */ = {
			isa = PBXGroup;
			children = (
				27F365C32AC93D2200FD39E5 /* ContentView.swift */,
				27F365C12AC93D2200FD39E5 /* Astronaut.swift */,
				27F365BB2AC93D2200FD39E5 /* Mission.swift */,
				27F365C02AC93D2200FD39E5 /* Bundle-Decodable.swift */,
				27F365BF2AC93D2200FD39E5 /* Color-Theme.swift */,
				27F365C22AC93D2200FD39E5 /* astronauts.json */,
				27F365BA2AC93D2200FD39E5 /* missions.json */,
				27F365BC2AC93D2200FD39E5 /* Assets.xcassets */,
			);
			name = Moonshot;
			path = ../Day39/Moonshot;
			sourceTree = "<group>";
		};
		27F365D02ACABD5800FD39E5 /* Day41 */ = {
			isa = PBXGroup;
			children = (
				27F365D12ACABE2A00FD39E5 /* ContentView.swift */,
				27F365D22ACABE6C00FD39E5 /* MissionView.swift */,
				27F365D32ACABE7400FD39E5 /* AstronautView.swift */,
				27F365D42ACABEA200FD39E5 /* Astronaut.swift */,
				27F365D52ACABEB100FD39E5 /* Mission.swift */,
				27F365D62ACABEBD00FD39E5 /* Bundle-Decodable.swift */,
				27F365D72ACABEC400FD39E5 /* Color-Theme.swift */,
			);
			path = Day41;
			sourceTree = "<group>";
		};
		27F365D82ACC1AAF00FD39E5 /* Day42 */ = {
			isa = PBXGroup;
			children = (
				27F365D92ACC1FC100FD39E5 /* ContentView.swift */,
				27F365DA2ACC1FFF00FD39E5 /* MissionView.swift */,
			);
			path = Day42;
			sourceTree = "<group>";
		};
/* End PBXGroup section */

/* Begin PBXProject section */
		27514E962A82176100E16169 /* Project object */ = {
			isa = PBXProject;
			attributes = {
				BuildIndependentTargetsInParallel = 1;
				LastUpgradeCheck = 1500;
			};
			buildConfigurationList = 27514E992A82176100E16169 /* Build configuration list for PBXProject "100DaysOfSwiftUI" */;
			compatibilityVersion = "Xcode 14.0";
			developmentRegion = en;
			hasScannedForEncodings = 0;
			knownRegions = (
				en,
				Base,
			);
			mainGroup = 27514E952A82176100E16169;
			projectDirPath = "";
			projectRoot = "";
			targets = (
			);
		};
/* End PBXProject section */

/* Begin XCBuildConfiguration section */
		27514E9A2A82176100E16169 /* Debug */ = {
			isa = XCBuildConfiguration;
			buildSettings = {
				CLANG_WARN_BLOCK_CAPTURE_AUTORELEASING = YES;
				CLANG_WARN_BOOL_CONVERSION = YES;
				CLANG_WARN_COMMA = YES;
				CLANG_WARN_CONSTANT_CONVERSION = YES;
				CLANG_WARN_DEPRECATED_OBJC_IMPLEMENTATIONS = YES;
				CLANG_WARN_EMPTY_BODY = YES;
				CLANG_WARN_ENUM_CONVERSION = YES;
				CLANG_WARN_INFINITE_RECURSION = YES;
				CLANG_WARN_INT_CONVERSION = YES;
				CLANG_WARN_NON_LITERAL_NULL_CONVERSION = YES;
				CLANG_WARN_OBJC_IMPLICIT_RETAIN_SELF = YES;
				CLANG_WARN_OBJC_LITERAL_CONVERSION = YES;
				CLANG_WARN_QUOTED_INCLUDE_IN_FRAMEWORK_HEADER = YES;
				CLANG_WARN_RANGE_LOOP_ANALYSIS = YES;
				CLANG_WARN_STRICT_PROTOTYPES = YES;
				CLANG_WARN_SUSPICIOUS_MOVE = YES;
				CLANG_WARN_UNREACHABLE_CODE = YES;
				CLANG_WARN__DUPLICATE_METHOD_MATCH = YES;
				DEAD_CODE_STRIPPING = YES;
				ENABLE_STRICT_OBJC_MSGSEND = YES;
				ENABLE_TESTABILITY = YES;
				ENABLE_USER_SCRIPT_SANDBOXING = YES;
				GCC_NO_COMMON_BLOCKS = YES;
				GCC_WARN_64_TO_32_BIT_CONVERSION = YES;
				GCC_WARN_ABOUT_RETURN_TYPE = YES;
				GCC_WARN_UNDECLARED_SELECTOR = YES;
				GCC_WARN_UNINITIALIZED_AUTOS = YES;
				GCC_WARN_UNUSED_FUNCTION = YES;
				GCC_WARN_UNUSED_VARIABLE = YES;
				ONLY_ACTIVE_ARCH = YES;
			};
			name = Debug;
		};
		27514E9B2A82176100E16169 /* Release */ = {
			isa = XCBuildConfiguration;
			buildSettings = {
				CLANG_WARN_BLOCK_CAPTURE_AUTORELEASING = YES;
				CLANG_WARN_BOOL_CONVERSION = YES;
				CLANG_WARN_COMMA = YES;
				CLANG_WARN_CONSTANT_CONVERSION = YES;
				CLANG_WARN_DEPRECATED_OBJC_IMPLEMENTATIONS = YES;
				CLANG_WARN_EMPTY_BODY = YES;
				CLANG_WARN_ENUM_CONVERSION = YES;
				CLANG_WARN_INFINITE_RECURSION = YES;
				CLANG_WARN_INT_CONVERSION = YES;
				CLANG_WARN_NON_LITERAL_NULL_CONVERSION = YES;
				CLANG_WARN_OBJC_IMPLICIT_RETAIN_SELF = YES;
				CLANG_WARN_OBJC_LITERAL_CONVERSION = YES;
				CLANG_WARN_QUOTED_INCLUDE_IN_FRAMEWORK_HEADER = YES;
				CLANG_WARN_RANGE_LOOP_ANALYSIS = YES;
				CLANG_WARN_STRICT_PROTOTYPES = YES;
				CLANG_WARN_SUSPICIOUS_MOVE = YES;
				CLANG_WARN_UNREACHABLE_CODE = YES;
				CLANG_WARN__DUPLICATE_METHOD_MATCH = YES;
				DEAD_CODE_STRIPPING = YES;
				ENABLE_STRICT_OBJC_MSGSEND = YES;
				ENABLE_USER_SCRIPT_SANDBOXING = YES;
				GCC_NO_COMMON_BLOCKS = YES;
				GCC_WARN_64_TO_32_BIT_CONVERSION = YES;
				GCC_WARN_ABOUT_RETURN_TYPE = YES;
				GCC_WARN_UNDECLARED_SELECTOR = YES;
				GCC_WARN_UNINITIALIZED_AUTOS = YES;
				GCC_WARN_UNUSED_FUNCTION = YES;
				GCC_WARN_UNUSED_VARIABLE = YES;
			};
			name = Release;
		};
/* End XCBuildConfiguration section */

/* Begin XCConfigurationList section */
		27514E992A82176100E16169 /* Build configuration list for PBXProject "100DaysOfSwiftUI" */ = {
			isa = XCConfigurationList;
			buildConfigurations = (
				27514E9A2A82176100E16169 /* Debug */,
				27514E9B2A82176100E16169 /* Release */,
			);
			defaultConfigurationIsVisible = 0;
			defaultConfigurationName = Release;
		};
/* End XCConfigurationList section */
	};
	rootObject = 27514E962A82176100E16169 /* Project object */;
}
