// !$*UTF8*$!
{
	archiveVersion = 1;
	classes = {
	};
	objectVersion = 56;
	objects = {

/* Begin PBXFileReference section */
		270E6C392A9F0AB3000C9C21 /* UsingStacksToArrangeViews.swift */ = {isa = PBXFileReference; lastKnownFileType = sourcecode.swift; path = UsingStacksToArrangeViews.swift; sourceTree = "<group>"; };
		270E6C3A2A9F123A000C9C21 /* ColorsAndFrames.swift */ = {isa = PBXFileReference; lastKnownFileType = sourcecode.swift; path = ColorsAndFrames.swift; sourceTree = "<group>"; };
		270E6C3B2A9F19C5000C9C21 /* Gradients.swift */ = {isa = PBXFileReference; lastKnownFileType = sourcecode.swift; path = Gradients.swift; sourceTree = "<group>"; };
		270E6C3C2A9F1FFA000C9C21 /* ButtonsAndImages.swift */ = {isa = PBXFileReference; lastKnownFileType = sourcecode.swift; path = ButtonsAndImages.swift; sourceTree = "<group>"; };
		270E6C3D2A9F2898000C9C21 /* ShowingAlertMessages.swift */ = {isa = PBXFileReference; lastKnownFileType = sourcecode.swift; path = ShowingAlertMessages.swift; sourceTree = "<group>"; };
		2720798F2A923AD5008BFBFE /* Day15.swift */ = {isa = PBXFileReference; lastKnownFileType = sourcecode.swift; path = Day15.swift; sourceTree = "<group>"; };
		2728403F2A83DDF9002303B8 /* Day7.swift */ = {isa = PBXFileReference; lastKnownFileType = sourcecode.swift; path = Day7.swift; sourceTree = "<group>"; };
		272D0F3D2A9A24680026ABCC /* Day16.swift */ = {isa = PBXFileReference; lastKnownFileType = sourcecode.swift; path = Day16.swift; sourceTree = "<group>"; };
		2733F35C2AA1B7AF0068A21C /* Day22.swift */ = {isa = PBXFileReference; lastKnownFileType = sourcecode.swift; path = Day22.swift; sourceTree = "<group>"; };
		2734AD692A913485005954D8 /* Day14.swift */ = {isa = PBXFileReference; lastKnownFileType = sourcecode.swift; path = Day14.swift; sourceTree = "<group>"; };
		273D81012AA31CDE00FD94FF /* ConditionalModifiers.swift */ = {isa = PBXFileReference; lastKnownFileType = sourcecode.swift; path = ConditionalModifiers.swift; sourceTree = "<group>"; };
		273D81022AA3203E00FD94FF /* EnvironmentModifiers.swift */ = {isa = PBXFileReference; lastKnownFileType = sourcecode.swift; path = EnvironmentModifiers.swift; sourceTree = "<group>"; };
		273D81032AA3264200FD94FF /* ViewsAsProperties.swift */ = {isa = PBXFileReference; lastKnownFileType = sourcecode.swift; path = ViewsAsProperties.swift; sourceTree = "<group>"; };
		273D81042AA32B1500FD94FF /* ViewComposition.swift */ = {isa = PBXFileReference; lastKnownFileType = sourcecode.swift; path = ViewComposition.swift; sourceTree = "<group>"; };
		273D81052AA3331C00FD94FF /* CustomModifiers.swift */ = {isa = PBXFileReference; lastKnownFileType = sourcecode.swift; path = CustomModifiers.swift; sourceTree = "<group>"; };
		273D81062AA3398700FD94FF /* CustomContainers.swift */ = {isa = PBXFileReference; lastKnownFileType = sourcecode.swift; path = CustomContainers.swift; sourceTree = "<group>"; };
		273D81092AA45D4000FD94FF /* Challenge1.swift */ = {isa = PBXFileReference; lastKnownFileType = sourcecode.swift; path = Challenge1.swift; sourceTree = "<group>"; };
		273D810A2AA4686C00FD94FF /* Challenge2&3.swift */ = {isa = PBXFileReference; lastKnownFileType = sourcecode.swift; path = "Challenge2&3.swift"; sourceTree = "<group>"; };
		273E50BE2AA5B51A00A038E8 /* WorkingWithForEach.swift */ = {isa = PBXFileReference; lastKnownFileType = sourcecode.swift; path = WorkingWithForEach.swift; sourceTree = "<group>"; };
		273E50BF2AA5BBD500A038E8 /* WorkingWithBindings.swift */ = {isa = PBXFileReference; lastKnownFileType = sourcecode.swift; path = WorkingWithBindings.swift; sourceTree = "<group>"; };
		273E50C02AA6222900A038E8 /* RockPaperScissors.swift */ = {isa = PBXFileReference; lastKnownFileType = sourcecode.swift; path = RockPaperScissors.swift; sourceTree = "<group>"; };
		27514E9C2A8217A400E16169 /* Day1.swift */ = {isa = PBXFileReference; lastKnownFileType = sourcecode.swift; path = Day1.swift; sourceTree = "<group>"; };
		27514E9D2A82187500E16169 /* Day2.swift */ = {isa = PBXFileReference; lastKnownFileType = sourcecode.swift; path = Day2.swift; sourceTree = "<group>"; };
		27514E9E2A82188400E16169 /* Day3.swift */ = {isa = PBXFileReference; lastKnownFileType = sourcecode.swift; path = Day3.swift; sourceTree = "<group>"; };
		27514E9F2A82188F00E16169 /* Day4.swift */ = {isa = PBXFileReference; lastKnownFileType = sourcecode.swift; path = Day4.swift; sourceTree = "<group>"; };
		27514EA02A82189E00E16169 /* Day5.swift */ = {isa = PBXFileReference; lastKnownFileType = sourcecode.swift; path = Day5.swift; sourceTree = "<group>"; };
		27514EA12A8218AA00E16169 /* Day6.swift */ = {isa = PBXFileReference; lastKnownFileType = sourcecode.swift; path = Day6.swift; sourceTree = "<group>"; };
		2751CE6B2AA72EA900F434A3 /* Stepper.swift */ = {isa = PBXFileReference; lastKnownFileType = sourcecode.swift; path = Stepper.swift; sourceTree = "<group>"; };
		2751CE6C2AA7341300F434A3 /* DatePicker.swift */ = {isa = PBXFileReference; lastKnownFileType = sourcecode.swift; path = DatePicker.swift; sourceTree = "<group>"; };
		2751CE6D2AA73F8D00F434A3 /* WorkingWithDates.swift */ = {isa = PBXFileReference; lastKnownFileType = sourcecode.swift; path = WorkingWithDates.swift; sourceTree = "<group>"; };
		27581FFB2A9E1F650055E559 /* Day19.swift */ = {isa = PBXFileReference; lastKnownFileType = sourcecode.swift; path = Day19.swift; sourceTree = "<group>"; };
		275B82272A8A596100B4A7BC /* Day10.swift */ = {isa = PBXFileReference; lastKnownFileType = sourcecode.swift; path = Day10.swift; sourceTree = "<group>"; };
		2761CCD32A8E18AE002B2F78 /* Day12.swift */ = {isa = PBXFileReference; lastKnownFileType = sourcecode.swift; path = Day12.swift; sourceTree = "<group>"; };
		2778E18E2A8551020018B06C /* Day8.swift */ = {isa = PBXFileReference; lastKnownFileType = sourcecode.swift; path = Day8.swift; sourceTree = "<group>"; };
		277E84392A9B7BB50096A5E2 /* Day17.swift */ = {isa = PBXFileReference; lastKnownFileType = sourcecode.swift; path = Day17.swift; sourceTree = "<group>"; };
		27887F9F2AA9CF88000AAD82 /* BetterRest.swift */ = {isa = PBXFileReference; lastKnownFileType = sourcecode.swift; path = BetterRest.swift; sourceTree = "<group>"; };
		27887FA02AA9CFB5000AAD82 /* SleepCalculator.mlmodel */ = {isa = PBXFileReference; lastKnownFileType = file.mlmodel; path = SleepCalculator.mlmodel; sourceTree = "<group>"; };
		27887FA22AAB59C7000AAD82 /* BetterRestChallenge.swift */ = {isa = PBXFileReference; lastKnownFileType = sourcecode.swift; path = BetterRestChallenge.swift; sourceTree = "<group>"; };
		27887FA32AAB5A0F000AAD82 /* SleepCalculator.mlmodel */ = {isa = PBXFileReference; lastKnownFileType = file.mlmodel; path = SleepCalculator.mlmodel; sourceTree = "<group>"; };
		279E64882A9CC7E600978F1E /* Day18.swift */ = {isa = PBXFileReference; lastKnownFileType = sourcecode.swift; path = Day18.swift; sourceTree = "<group>"; };
		27AF5F2B2A880EC600A0DBFF /* Day9.swift */ = {isa = PBXFileReference; lastKnownFileType = sourcecode.swift; path = Day9.swift; sourceTree = "<group>"; };
		27CF01E62AAC3975003E99D7 /* List.swift */ = {isa = PBXFileReference; lastKnownFileType = sourcecode.swift; path = List.swift; sourceTree = "<group>"; };
		27CF01E72AAC3F59003E99D7 /* LoadingResourcesFromYourAppBundle.swift */ = {isa = PBXFileReference; lastKnownFileType = sourcecode.swift; path = LoadingResourcesFromYourAppBundle.swift; sourceTree = "<group>"; };
		27CF01E82AAC44EC003E99D7 /* WorkingWithStrings.swift */ = {isa = PBXFileReference; lastKnownFileType = sourcecode.swift; path = WorkingWithStrings.swift; sourceTree = "<group>"; };
		27D314C92A8B9AE800E74489 /* Day11.swift */ = {isa = PBXFileReference; lastKnownFileType = sourcecode.swift; path = Day11.swift; sourceTree = "<group>"; };
		27E5D3EE2AA0E55900E5CB62 /* Day21.swift */ = {isa = PBXFileReference; lastKnownFileType = sourcecode.swift; path = Day21.swift; sourceTree = "<group>"; };
		27FA2D6E2A8FB210004959F4 /* Day13.swift */ = {isa = PBXFileReference; lastKnownFileType = sourcecode.swift; path = Day13.swift; sourceTree = "<group>"; };
/* End PBXFileReference section */

/* Begin PBXGroup section */
		270E6C382A9F0A46000C9C21 /* Day20 */ = {
			isa = PBXGroup;
			children = (
				270E6C392A9F0AB3000C9C21 /* UsingStacksToArrangeViews.swift */,
				270E6C3A2A9F123A000C9C21 /* ColorsAndFrames.swift */,
				270E6C3B2A9F19C5000C9C21 /* Gradients.swift */,
				270E6C3C2A9F1FFA000C9C21 /* ButtonsAndImages.swift */,
				270E6C3D2A9F2898000C9C21 /* ShowingAlertMessages.swift */,
			);
			path = Day20;
			sourceTree = "<group>";
		};
		273D81002AA31A8800FD94FF /* Day23 */ = {
			isa = PBXGroup;
			children = (
				273D81012AA31CDE00FD94FF /* ConditionalModifiers.swift */,
				273D81022AA3203E00FD94FF /* EnvironmentModifiers.swift */,
				273D81032AA3264200FD94FF /* ViewsAsProperties.swift */,
				273D81042AA32B1500FD94FF /* ViewComposition.swift */,
				273D81052AA3331C00FD94FF /* CustomModifiers.swift */,
				273D81062AA3398700FD94FF /* CustomContainers.swift */,
			);
			path = Day23;
			sourceTree = "<group>";
		};
		273D81082AA45CEA00FD94FF /* Day24 */ = {
			isa = PBXGroup;
			children = (
				273D81092AA45D4000FD94FF /* Challenge1.swift */,
				273D810A2AA4686C00FD94FF /* Challenge2&3.swift */,
			);
			path = Day24;
			sourceTree = "<group>";
		};
		273E50BD2AA5B48C00A038E8 /* Day25 */ = {
			isa = PBXGroup;
			children = (
				273E50BE2AA5B51A00A038E8 /* WorkingWithForEach.swift */,
				273E50BF2AA5BBD500A038E8 /* WorkingWithBindings.swift */,
				273E50C02AA6222900A038E8 /* RockPaperScissors.swift */,
			);
			path = Day25;
			sourceTree = "<group>";
		};
		27514E952A82176100E16169 = {
			isa = PBXGroup;
			children = (
				27514E9C2A8217A400E16169 /* Day1.swift */,
				27514E9D2A82187500E16169 /* Day2.swift */,
				27514E9E2A82188400E16169 /* Day3.swift */,
				27514E9F2A82188F00E16169 /* Day4.swift */,
				27514EA02A82189E00E16169 /* Day5.swift */,
				27514EA12A8218AA00E16169 /* Day6.swift */,
				2728403F2A83DDF9002303B8 /* Day7.swift */,
				2778E18E2A8551020018B06C /* Day8.swift */,
				27AF5F2B2A880EC600A0DBFF /* Day9.swift */,
				275B82272A8A596100B4A7BC /* Day10.swift */,
				27D314C92A8B9AE800E74489 /* Day11.swift */,
				2761CCD32A8E18AE002B2F78 /* Day12.swift */,
				27FA2D6E2A8FB210004959F4 /* Day13.swift */,
				2734AD692A913485005954D8 /* Day14.swift */,
				2720798F2A923AD5008BFBFE /* Day15.swift */,
				272D0F3D2A9A24680026ABCC /* Day16.swift */,
				277E84392A9B7BB50096A5E2 /* Day17.swift */,
				279E64882A9CC7E600978F1E /* Day18.swift */,
				27581FFB2A9E1F650055E559 /* Day19.swift */,
				270E6C382A9F0A46000C9C21 /* Day20 */,
				27E5D3EE2AA0E55900E5CB62 /* Day21.swift */,
				2733F35C2AA1B7AF0068A21C /* Day22.swift */,
				273D81002AA31A8800FD94FF /* Day23 */,
				273D81082AA45CEA00FD94FF /* Day24 */,
				273E50BD2AA5B48C00A038E8 /* Day25 */,
				2751CE6A2AA72E5F00F434A3 /* Day26 */,
				27887F9E2AA9CF22000AAD82 /* Day27 */,
				27887FA12AAB595C000AAD82 /* Day28 */,
				27CF01E52AAC393E003E99D7 /* Day29 */,
			);
			sourceTree = "<group>";
		};
		2751CE6A2AA72E5F00F434A3 /* Day26 */ = {
			isa = PBXGroup;
			children = (
				2751CE6B2AA72EA900F434A3 /* Stepper.swift */,
				2751CE6C2AA7341300F434A3 /* DatePicker.swift */,
				2751CE6D2AA73F8D00F434A3 /* WorkingWithDates.swift */,
			);
			path = Day26;
			sourceTree = "<group>";
		};
		27887F9E2AA9CF22000AAD82 /* Day27 */ = {
			isa = PBXGroup;
			children = (
				27887F9F2AA9CF88000AAD82 /* BetterRest.swift */,
				27887FA02AA9CFB5000AAD82 /* SleepCalculator.mlmodel */,
			);
			path = Day27;
			sourceTree = "<group>";
		};
		27887FA12AAB595C000AAD82 /* Day28 */ = {
			isa = PBXGroup;
			children = (
				27887FA32AAB5A0F000AAD82 /* SleepCalculator.mlmodel */,
				27887FA22AAB59C7000AAD82 /* BetterRestChallenge.swift */,
			);
			path = Day28;
			sourceTree = "<group>";
		};
		27CF01E52AAC393E003E99D7 /* Day29 */ = {
			isa = PBXGroup;
			children = (
				27CF01E62AAC3975003E99D7 /* List.swift */,
				27CF01E72AAC3F59003E99D7 /* LoadingResourcesFromYourAppBundle.swift */,
				27CF01E82AAC44EC003E99D7 /* WorkingWithStrings.swift */,
			);
			path = Day29;
			sourceTree = "<group>";
		};
/* End PBXGroup section */

/* Begin PBXProject section */
		27514E962A82176100E16169 /* Project object */ = {
			isa = PBXProject;
			attributes = {
				BuildIndependentTargetsInParallel = 1;
				LastUpgradeCheck = 1430;
			};
			buildConfigurationList = 27514E992A82176100E16169 /* Build configuration list for PBXProject "100DayOfSwiftUI" */;
			compatibilityVersion = "Xcode 14.0";
			developmentRegion = en;
			hasScannedForEncodings = 0;
			knownRegions = (
				en,
				Base,
			);
			mainGroup = 27514E952A82176100E16169;
			projectDirPath = "";
			projectRoot = "";
			targets = (
			);
		};
/* End PBXProject section */

/* Begin XCBuildConfiguration section */
		27514E9A2A82176100E16169 /* Debug */ = {
			isa = XCBuildConfiguration;
			buildSettings = {
			};
			name = Debug;
		};
		27514E9B2A82176100E16169 /* Release */ = {
			isa = XCBuildConfiguration;
			buildSettings = {
			};
			name = Release;
		};
/* End XCBuildConfiguration section */

/* Begin XCConfigurationList section */
		27514E992A82176100E16169 /* Build configuration list for PBXProject "100DayOfSwiftUI" */ = {
			isa = XCConfigurationList;
			buildConfigurations = (
				27514E9A2A82176100E16169 /* Debug */,
				27514E9B2A82176100E16169 /* Release */,
			);
			defaultConfigurationIsVisible = 0;
			defaultConfigurationName = Release;
		};
/* End XCConfigurationList section */
	};
	rootObject = 27514E962A82176100E16169 /* Project object */;
}
