// !$*UTF8*$!
{
	archiveVersion = 1;
	classes = {
	};
	objectVersion = 56;
	objects = {

/* Begin PBXFileReference section */
		2728403F2A83DDF9002303B8 /* Day7.swift */ = {isa = PBXFileReference; lastKnownFileType = sourcecode.swift; path = Day7.swift; sourceTree = "<group>"; };
		27514E9C2A8217A400E16169 /* Day1.swift */ = {isa = PBXFileReference; lastKnownFileType = sourcecode.swift; path = Day1.swift; sourceTree = "<group>"; };
		27514E9D2A82187500E16169 /* Day2.swift */ = {isa = PBXFileReference; lastKnownFileType = sourcecode.swift; path = Day2.swift; sourceTree = "<group>"; };
		27514E9E2A82188400E16169 /* Day3.swift */ = {isa = PBXFileReference; lastKnownFileType = sourcecode.swift; path = Day3.swift; sourceTree = "<group>"; };
		27514E9F2A82188F00E16169 /* Day4.swift */ = {isa = PBXFileReference; lastKnownFileType = sourcecode.swift; path = Day4.swift; sourceTree = "<group>"; };
		27514EA02A82189E00E16169 /* Day5.swift */ = {isa = PBXFileReference; lastKnownFileType = sourcecode.swift; path = Day5.swift; sourceTree = "<group>"; };
		27514EA12A8218AA00E16169 /* Day6.swift */ = {isa = PBXFileReference; lastKnownFileType = sourcecode.swift; path = Day6.swift; sourceTree = "<group>"; };
		275B82272A8A596100B4A7BC /* Day10.swift */ = {isa = PBXFileReference; lastKnownFileType = sourcecode.swift; path = Day10.swift; sourceTree = "<group>"; };
		2778E18E2A8551020018B06C /* Day8.swift */ = {isa = PBXFileReference; lastKnownFileType = sourcecode.swift; path = Day8.swift; sourceTree = "<group>"; };
		27AF5F2B2A880EC600A0DBFF /* Day9.swift */ = {isa = PBXFileReference; lastKnownFileType = sourcecode.swift; path = Day9.swift; sourceTree = "<group>"; };
		27D314C92A8B9AE800E74489 /* Day11.swift */ = {isa = PBXFileReference; lastKnownFileType = sourcecode.swift; path = Day11.swift; sourceTree = "<group>"; };
/* End PBXFileReference section */

/* Begin PBXGroup section */
		27514E952A82176100E16169 = {
			isa = PBXGroup;
			children = (
				27514E9C2A8217A400E16169 /* Day1.swift */,
				27514E9D2A82187500E16169 /* Day2.swift */,
				27514E9E2A82188400E16169 /* Day3.swift */,
				27514E9F2A82188F00E16169 /* Day4.swift */,
				27514EA02A82189E00E16169 /* Day5.swift */,
				27514EA12A8218AA00E16169 /* Day6.swift */,
				2728403F2A83DDF9002303B8 /* Day7.swift */,
				2778E18E2A8551020018B06C /* Day8.swift */,
				27AF5F2B2A880EC600A0DBFF /* Day9.swift */,
				275B82272A8A596100B4A7BC /* Day10.swift */,
				27D314C92A8B9AE800E74489 /* Day11.swift */,
			);
			sourceTree = "<group>";
		};
/* End PBXGroup section */

/* Begin PBXProject section */
		27514E962A82176100E16169 /* Project object */ = {
			isa = PBXProject;
			attributes = {
				BuildIndependentTargetsInParallel = 1;
				LastUpgradeCheck = 1430;
			};
			buildConfigurationList = 27514E992A82176100E16169 /* Build configuration list for PBXProject "100DayOfSwiftUI" */;
			compatibilityVersion = "Xcode 14.0";
			developmentRegion = en;
			hasScannedForEncodings = 0;
			knownRegions = (
				en,
				Base,
			);
			mainGroup = 27514E952A82176100E16169;
			projectDirPath = "";
			projectRoot = "";
			targets = (
			);
		};
/* End PBXProject section */

/* Begin XCBuildConfiguration section */
		27514E9A2A82176100E16169 /* Debug */ = {
			isa = XCBuildConfiguration;
			buildSettings = {
			};
			name = Debug;
		};
		27514E9B2A82176100E16169 /* Release */ = {
			isa = XCBuildConfiguration;
			buildSettings = {
			};
			name = Release;
		};
/* End XCBuildConfiguration section */

/* Begin XCConfigurationList section */
		27514E992A82176100E16169 /* Build configuration list for PBXProject "100DayOfSwiftUI" */ = {
			isa = XCConfigurationList;
			buildConfigurations = (
				27514E9A2A82176100E16169 /* Debug */,
				27514E9B2A82176100E16169 /* Release */,
			);
			defaultConfigurationIsVisible = 0;
			defaultConfigurationName = Release;
		};
/* End XCConfigurationList section */
	};
	rootObject = 27514E962A82176100E16169 /* Project object */;
}
